
Microsoft Visual Studio Solution File, Format Version 12.00
# Visual Studio Version 16
VisualStudioVersion = 16.6.30114.105
MinimumVisualStudioVersion = 10.0.40219.1
Project("{FAE04EC0-301F-11D3-BF4B-00C04F79EFBC}") = "PaymenteContext.Domain", "PaymenteContext.Domain\PaymenteContext.Domain.csproj", "{96E987CC-D065-4360-83F6-76C41F9AD439}"
EndProject
Project("{FAE04EC0-301F-11D3-BF4B-00C04F79EFBC}") = "PaymenteContext.Shared", "PaymenteContext.Shared\PaymenteContext.Shared.csproj", "{D2920BF5-E830-4D41-B090-850D1D97FFEB}"
EndProject
Project("{FAE04EC0-301F-11D3-BF4B-00C04F79EFBC}") = "PaymenteContext.Test", "PaymenteContext.Test\PaymenteContext.Test.csproj", "{C90DB75E-429A-4F55-A17A-C9DEDFE9A4AE}"
EndProject
Global
	GlobalSection(SolutionConfigurationPlatforms) = preSolution
		Debug|Any CPU = Debug|Any CPU
		Debug|x64 = Debug|x64
		Debug|x86 = Debug|x86
		Release|Any CPU = Release|Any CPU
		Release|x64 = Release|x64
		Release|x86 = Release|x86
	EndGlobalSection
	GlobalSection(SolutionProperties) = preSolution
		HideSolutionNode = FALSE
	EndGlobalSection
	GlobalSection(ProjectConfigurationPlatforms) = postSolution
		{96E987CC-D065-4360-83F6-76C41F9AD439}.Debug|Any CPU.ActiveCfg = Debug|Any CPU
		{96E987CC-D065-4360-83F6-76C41F9AD439}.Debug|Any CPU.Build.0 = Debug|Any CPU
		{96E987CC-D065-4360-83F6-76C41F9AD439}.Debug|x64.ActiveCfg = Debug|Any CPU
		{96E987CC-D065-4360-83F6-76C41F9AD439}.Debug|x64.Build.0 = Debug|Any CPU
		{96E987CC-D065-4360-83F6-76C41F9AD439}.Debug|x86.ActiveCfg = Debug|Any CPU
		{96E987CC-D065-4360-83F6-76C41F9AD439}.Debug|x86.Build.0 = Debug|Any CPU
		{96E987CC-D065-4360-83F6-76C41F9AD439}.Release|Any CPU.ActiveCfg = Release|Any CPU
		{96E987CC-D065-4360-83F6-76C41F9AD439}.Release|Any CPU.Build.0 = Release|Any CPU
		{96E987CC-D065-4360-83F6-76C41F9AD439}.Release|x64.ActiveCfg = Release|Any CPU
		{96E987CC-D065-4360-83F6-76C41F9AD439}.Release|x64.Build.0 = Release|Any CPU
		{96E987CC-D065-4360-83F6-76C41F9AD439}.Release|x86.ActiveCfg = Release|Any CPU
		{96E987CC-D065-4360-83F6-76C41F9AD439}.Release|x86.Build.0 = Release|Any CPU
		{D2920BF5-E830-4D41-B090-850D1D97FFEB}.Debug|Any CPU.ActiveCfg = Debug|Any CPU
		{D2920BF5-E830-4D41-B090-850D1D97FFEB}.Debug|Any CPU.Build.0 = Debug|Any CPU
		{D2920BF5-E830-4D41-B090-850D1D97FFEB}.Debug|x64.ActiveCfg = Debug|Any CPU
		{D2920BF5-E830-4D41-B090-850D1D97FFEB}.Debug|x64.Build.0 = Debug|Any CPU
		{D2920BF5-E830-4D41-B090-850D1D97FFEB}.Debug|x86.ActiveCfg = Debug|Any CPU
		{D2920BF5-E830-4D41-B090-850D1D97FFEB}.Debug|x86.Build.0 = Debug|Any CPU
		{D2920BF5-E830-4D41-B090-850D1D97FFEB}.Release|Any CPU.ActiveCfg = Release|Any CPU
		{D2920BF5-E830-4D41-B090-850D1D97FFEB}.Release|Any CPU.Build.0 = Release|Any CPU
		{D2920BF5-E830-4D41-B090-850D1D97FFEB}.Release|x64.ActiveCfg = Release|Any CPU
		{D2920BF5-E830-4D41-B090-850D1D97FFEB}.Release|x64.Build.0 = Release|Any CPU
		{D2920BF5-E830-4D41-B090-850D1D97FFEB}.Release|x86.ActiveCfg = Release|Any CPU
		{D2920BF5-E830-4D41-B090-850D1D97FFEB}.Release|x86.Build.0 = Release|Any CPU
		{C90DB75E-429A-4F55-A17A-C9DEDFE9A4AE}.Debug|Any CPU.ActiveCfg = Debug|Any CPU
		{C90DB75E-429A-4F55-A17A-C9DEDFE9A4AE}.Debug|Any CPU.Build.0 = Debug|Any CPU
		{C90DB75E-429A-4F55-A17A-C9DEDFE9A4AE}.Debug|x64.ActiveCfg = Debug|Any CPU
		{C90DB75E-429A-4F55-A17A-C9DEDFE9A4AE}.Debug|x64.Build.0 = Debug|Any CPU
		{C90DB75E-429A-4F55-A17A-C9DEDFE9A4AE}.Debug|x86.ActiveCfg = Debug|Any CPU
		{C90DB75E-429A-4F55-A17A-C9DEDFE9A4AE}.Debug|x86.Build.0 = Debug|Any CPU
		{C90DB75E-429A-4F55-A17A-C9DEDFE9A4AE}.Release|Any CPU.ActiveCfg = Release|Any CPU
		{C90DB75E-429A-4F55-A17A-C9DEDFE9A4AE}.Release|Any CPU.Build.0 = Release|Any CPU
		{C90DB75E-429A-4F55-A17A-C9DEDFE9A4AE}.Release|x64.ActiveCfg = Release|Any CPU
		{C90DB75E-429A-4F55-A17A-C9DEDFE9A4AE}.Release|x64.Build.0 = Release|Any CPU
		{C90DB75E-429A-4F55-A17A-C9DEDFE9A4AE}.Release|x86.ActiveCfg = Release|Any CPU
		{C90DB75E-429A-4F55-A17A-C9DEDFE9A4AE}.Release|x86.Build.0 = Release|Any CPU
	EndGlobalSection
EndGlobal
